// !$*UTF8*$!
{
	archiveVersion = 1;
	classes = {
	};
	objectVersion = 50;
	objects = {

/* Begin PBXBuildFile section */
		534AA7492462C3DD0084D6B5 /* CommentsViewController.swift in Sources */ = {isa = PBXBuildFile; fileRef = 534AA7482462C3DD0084D6B5 /* CommentsViewController.swift */; };
		534AA74C2462C4550084D6B5 /* MessageCell.swift in Sources */ = {isa = PBXBuildFile; fileRef = 534AA74A2462C4550084D6B5 /* MessageCell.swift */; };
		534AA74D2462C4550084D6B5 /* MessageCell.xib in Resources */ = {isa = PBXBuildFile; fileRef = 534AA74B2462C4550084D6B5 /* MessageCell.xib */; };
		539E0DCC24388DA900FB928E /* MyObserverForAddress.swift in Sources */ = {isa = PBXBuildFile; fileRef = 539E0DCA24388DA900FB928E /* MyObserverForAddress.swift */; };
		539E0DCD24388DA900FB928E /* MyObserverForEventList.swift in Sources */ = {isa = PBXBuildFile; fileRef = 539E0DCB24388DA900FB928E /* MyObserverForEventList.swift */; };
		539E0DD224388E1A00FB928E /* EventCell.swift in Sources */ = {isa = PBXBuildFile; fileRef = 539E0DCE24388E1900FB928E /* EventCell.swift */; };
		539E0DD324388E1A00FB928E /* EventScreenViewController.swift in Sources */ = {isa = PBXBuildFile; fileRef = 539E0DCF24388E1900FB928E /* EventScreenViewController.swift */; };
		539E0DD424388E1A00FB928E /* HomeScreenViewController.swift in Sources */ = {isa = PBXBuildFile; fileRef = 539E0DD024388E1900FB928E /* HomeScreenViewController.swift */; };
		539E0DD524388E1A00FB928E /* LocationSearchViewController.swift in Sources */ = {isa = PBXBuildFile; fileRef = 539E0DD124388E1A00FB928E /* LocationSearchViewController.swift */; };
		539E0DDD24388EB600FB928E /* Event.swift in Sources */ = {isa = PBXBuildFile; fileRef = 539E0DDB24388EB600FB928E /* Event.swift */; };
		539E0DDF24388EBD00FB928E /* LocationSingleton.swift in Sources */ = {isa = PBXBuildFile; fileRef = 539E0DDE24388EBD00FB928E /* LocationSingleton.swift */; };
		539E0DE124388ECA00FB928E /* NewEventViewController.swift in Sources */ = {isa = PBXBuildFile; fileRef = 539E0DE024388ECA00FB928E /* NewEventViewController.swift */; };
		539E0DE324388EF100FB928E /* EventHandler.swift in Sources */ = {isa = PBXBuildFile; fileRef = 539E0DE224388EF100FB928E /* EventHandler.swift */; };
		539E0DE524388F5B00FB928E /* MapLoader.swift in Sources */ = {isa = PBXBuildFile; fileRef = 539E0DE424388F5B00FB928E /* MapLoader.swift */; };
		53B00A0A23FF163F00F915D5 /* AppDelegate.swift in Sources */ = {isa = PBXBuildFile; fileRef = 53B00A0923FF163F00F915D5 /* AppDelegate.swift */; };
		53B00A0C23FF163F00F915D5 /* SceneDelegate.swift in Sources */ = {isa = PBXBuildFile; fileRef = 53B00A0B23FF163F00F915D5 /* SceneDelegate.swift */; };
		53B00A1323FF163F00F915D5 /* Main.storyboard in Resources */ = {isa = PBXBuildFile; fileRef = 53B00A1123FF163F00F915D5 /* Main.storyboard */; };
		53B00A1523FF164500F915D5 /* Assets.xcassets in Resources */ = {isa = PBXBuildFile; fileRef = 53B00A1423FF164500F915D5 /* Assets.xcassets */; };
		53B00A1823FF164500F915D5 /* LaunchScreen.storyboard in Resources */ = {isa = PBXBuildFile; fileRef = 53B00A1623FF164500F915D5 /* LaunchScreen.storyboard */; };
		53B00A2323FF164500F915D5 /* EventuallyTests.swift in Sources */ = {isa = PBXBuildFile; fileRef = 53B00A2223FF164500F915D5 /* EventuallyTests.swift */; };
		53B00A2E23FF164500F915D5 /* EventuallyUITests.swift in Sources */ = {isa = PBXBuildFile; fileRef = 53B00A2D23FF164500F915D5 /* EventuallyUITests.swift */; };
		53CD32D8243F181800BDB5A0 /* SearchEventViewController.swift in Sources */ = {isa = PBXBuildFile; fileRef = 53CD32D7243F181800BDB5A0 /* SearchEventViewController.swift */; };
		53CD32DA2445B9AC00BDB5A0 /* SettingsViewController.swift in Sources */ = {isa = PBXBuildFile; fileRef = 53CD32D92445B9AC00BDB5A0 /* SettingsViewController.swift */; };
		53CD32DC2445BA1C00BDB5A0 /* Profile.swift in Sources */ = {isa = PBXBuildFile; fileRef = 53CD32DB2445BA1C00BDB5A0 /* Profile.swift */; };
		53CD32DE2446F41600BDB5A0 /* ProfileEditingViewController.swift in Sources */ = {isa = PBXBuildFile; fileRef = 53CD32DD2446F41600BDB5A0 /* ProfileEditingViewController.swift */; };
		53CD32E02446F67300BDB5A0 /* DatePicker.swift in Sources */ = {isa = PBXBuildFile; fileRef = 53CD32DF2446F67300BDB5A0 /* DatePicker.swift */; };
		53CD32E2244717D700BDB5A0 /* ImagePicker.swift in Sources */ = {isa = PBXBuildFile; fileRef = 53CD32E1244717D700BDB5A0 /* ImagePicker.swift */; };
		53CD32E92447215500BDB5A0 /* PObserver.swift in Sources */ = {isa = PBXBuildFile; fileRef = 53CD32E82447215500BDB5A0 /* PObserver.swift */; };
		53CD32EB2447253F00BDB5A0 /* MyObserverForProfileEditing.swift in Sources */ = {isa = PBXBuildFile; fileRef = 53CD32EA2447253F00BDB5A0 /* MyObserverForProfileEditing.swift */; };
		53EED61824503313003C9410 /* EventManager.swift in Sources */ = {isa = PBXBuildFile; fileRef = 53EED61724503313003C9410 /* EventManager.swift */; };
		53EED61A245034A4003C9410 /* EventStructure.swift in Sources */ = {isa = PBXBuildFile; fileRef = 53EED619245034A4003C9410 /* EventStructure.swift */; };
		53EED620245983D9003C9410 /* CodableEvent.swift in Sources */ = {isa = PBXBuildFile; fileRef = 53EED61F245983D9003C9410 /* CodableEvent.swift */; };
/* End PBXBuildFile section */

/* Begin PBXContainerItemProxy section */
		53B00A1F23FF164500F915D5 /* PBXContainerItemProxy */ = {
			isa = PBXContainerItemProxy;
			containerPortal = 53B009FE23FF163F00F915D5 /* Project object */;
			proxyType = 1;
			remoteGlobalIDString = 53B00A0523FF163F00F915D5;
			remoteInfo = Eventually;
		};
		53B00A2A23FF164500F915D5 /* PBXContainerItemProxy */ = {
			isa = PBXContainerItemProxy;
			containerPortal = 53B009FE23FF163F00F915D5 /* Project object */;
			proxyType = 1;
			remoteGlobalIDString = 53B00A0523FF163F00F915D5;
			remoteInfo = Eventually;
		};
/* End PBXContainerItemProxy section */

/* Begin PBXFileReference section */
		534AA7482462C3DD0084D6B5 /* CommentsViewController.swift */ = {isa = PBXFileReference; lastKnownFileType = sourcecode.swift; path = CommentsViewController.swift; sourceTree = "<group>"; };
		534AA74A2462C4550084D6B5 /* MessageCell.swift */ = {isa = PBXFileReference; lastKnownFileType = sourcecode.swift; path = MessageCell.swift; sourceTree = "<group>"; };
		534AA74B2462C4550084D6B5 /* MessageCell.xib */ = {isa = PBXFileReference; lastKnownFileType = file.xib; path = MessageCell.xib; sourceTree = "<group>"; };
		539E0DCA24388DA900FB928E /* MyObserverForAddress.swift */ = {isa = PBXFileReference; fileEncoding = 4; lastKnownFileType = sourcecode.swift; path = MyObserverForAddress.swift; sourceTree = "<group>"; };
		539E0DCB24388DA900FB928E /* MyObserverForEventList.swift */ = {isa = PBXFileReference; fileEncoding = 4; lastKnownFileType = sourcecode.swift; path = MyObserverForEventList.swift; sourceTree = "<group>"; };
		539E0DCE24388E1900FB928E /* EventCell.swift */ = {isa = PBXFileReference; fileEncoding = 4; lastKnownFileType = sourcecode.swift; path = EventCell.swift; sourceTree = "<group>"; };
		539E0DCF24388E1900FB928E /* EventScreenViewController.swift */ = {isa = PBXFileReference; fileEncoding = 4; lastKnownFileType = sourcecode.swift; path = EventScreenViewController.swift; sourceTree = "<group>"; };
		539E0DD024388E1900FB928E /* HomeScreenViewController.swift */ = {isa = PBXFileReference; fileEncoding = 4; lastKnownFileType = sourcecode.swift; path = HomeScreenViewController.swift; sourceTree = "<group>"; };
		539E0DD124388E1A00FB928E /* LocationSearchViewController.swift */ = {isa = PBXFileReference; fileEncoding = 4; lastKnownFileType = sourcecode.swift; path = LocationSearchViewController.swift; sourceTree = "<group>"; };
		539E0DDB24388EB600FB928E /* Event.swift */ = {isa = PBXFileReference; fileEncoding = 4; lastKnownFileType = sourcecode.swift; path = Event.swift; sourceTree = "<group>"; };
		539E0DDE24388EBD00FB928E /* LocationSingleton.swift */ = {isa = PBXFileReference; fileEncoding = 4; lastKnownFileType = sourcecode.swift; path = LocationSingleton.swift; sourceTree = "<group>"; };
		539E0DE024388ECA00FB928E /* NewEventViewController.swift */ = {isa = PBXFileReference; fileEncoding = 4; lastKnownFileType = sourcecode.swift; path = NewEventViewController.swift; sourceTree = "<group>"; };
		539E0DE224388EF100FB928E /* EventHandler.swift */ = {isa = PBXFileReference; fileEncoding = 4; lastKnownFileType = sourcecode.swift; path = EventHandler.swift; sourceTree = "<group>"; };
		539E0DE424388F5B00FB928E /* MapLoader.swift */ = {isa = PBXFileReference; fileEncoding = 4; lastKnownFileType = sourcecode.swift; path = MapLoader.swift; sourceTree = "<group>"; };
		53B00A0623FF163F00F915D5 /* Eventually.app */ = {isa = PBXFileReference; explicitFileType = wrapper.application; includeInIndex = 0; path = Eventually.app; sourceTree = BUILT_PRODUCTS_DIR; };
		53B00A0923FF163F00F915D5 /* AppDelegate.swift */ = {isa = PBXFileReference; lastKnownFileType = sourcecode.swift; path = AppDelegate.swift; sourceTree = "<group>"; };
		53B00A0B23FF163F00F915D5 /* SceneDelegate.swift */ = {isa = PBXFileReference; lastKnownFileType = sourcecode.swift; path = SceneDelegate.swift; sourceTree = "<group>"; };
		53B00A1223FF163F00F915D5 /* Base */ = {isa = PBXFileReference; lastKnownFileType = file.storyboard; name = Base; path = Base.lproj/Main.storyboard; sourceTree = "<group>"; };
		53B00A1423FF164500F915D5 /* Assets.xcassets */ = {isa = PBXFileReference; lastKnownFileType = folder.assetcatalog; path = Assets.xcassets; sourceTree = "<group>"; };
		53B00A1723FF164500F915D5 /* Base */ = {isa = PBXFileReference; lastKnownFileType = file.storyboard; name = Base; path = Base.lproj/LaunchScreen.storyboard; sourceTree = "<group>"; };
		53B00A1923FF164500F915D5 /* Info.plist */ = {isa = PBXFileReference; lastKnownFileType = text.plist.xml; path = Info.plist; sourceTree = "<group>"; };
		53B00A1E23FF164500F915D5 /* EventuallyTests.xctest */ = {isa = PBXFileReference; explicitFileType = wrapper.cfbundle; includeInIndex = 0; path = EventuallyTests.xctest; sourceTree = BUILT_PRODUCTS_DIR; };
		53B00A2223FF164500F915D5 /* EventuallyTests.swift */ = {isa = PBXFileReference; lastKnownFileType = sourcecode.swift; path = EventuallyTests.swift; sourceTree = "<group>"; };
		53B00A2423FF164500F915D5 /* Info.plist */ = {isa = PBXFileReference; lastKnownFileType = text.plist.xml; path = Info.plist; sourceTree = "<group>"; };
		53B00A2923FF164500F915D5 /* EventuallyUITests.xctest */ = {isa = PBXFileReference; explicitFileType = wrapper.cfbundle; includeInIndex = 0; path = EventuallyUITests.xctest; sourceTree = BUILT_PRODUCTS_DIR; };
		53B00A2D23FF164500F915D5 /* EventuallyUITests.swift */ = {isa = PBXFileReference; lastKnownFileType = sourcecode.swift; path = EventuallyUITests.swift; sourceTree = "<group>"; };
		53B00A2F23FF164500F915D5 /* Info.plist */ = {isa = PBXFileReference; lastKnownFileType = text.plist.xml; path = Info.plist; sourceTree = "<group>"; };
		53CD32D7243F181800BDB5A0 /* SearchEventViewController.swift */ = {isa = PBXFileReference; lastKnownFileType = sourcecode.swift; path = SearchEventViewController.swift; sourceTree = "<group>"; };
		53CD32D92445B9AC00BDB5A0 /* SettingsViewController.swift */ = {isa = PBXFileReference; lastKnownFileType = sourcecode.swift; path = SettingsViewController.swift; sourceTree = "<group>"; };
		53CD32DB2445BA1C00BDB5A0 /* Profile.swift */ = {isa = PBXFileReference; lastKnownFileType = sourcecode.swift; path = Profile.swift; sourceTree = "<group>"; };
		53CD32DD2446F41600BDB5A0 /* ProfileEditingViewController.swift */ = {isa = PBXFileReference; lastKnownFileType = sourcecode.swift; path = ProfileEditingViewController.swift; sourceTree = "<group>"; };
		53CD32DF2446F67300BDB5A0 /* DatePicker.swift */ = {isa = PBXFileReference; lastKnownFileType = sourcecode.swift; path = DatePicker.swift; sourceTree = "<group>"; };
		53CD32E1244717D700BDB5A0 /* ImagePicker.swift */ = {isa = PBXFileReference; lastKnownFileType = sourcecode.swift; path = ImagePicker.swift; sourceTree = "<group>"; };
		53CD32E82447215500BDB5A0 /* PObserver.swift */ = {isa = PBXFileReference; lastKnownFileType = sourcecode.swift; path = PObserver.swift; sourceTree = "<group>"; };
		53CD32EA2447253F00BDB5A0 /* MyObserverForProfileEditing.swift */ = {isa = PBXFileReference; lastKnownFileType = sourcecode.swift; path = MyObserverForProfileEditing.swift; sourceTree = "<group>"; };
		53EED61724503313003C9410 /* EventManager.swift */ = {isa = PBXFileReference; lastKnownFileType = sourcecode.swift; path = EventManager.swift; sourceTree = "<group>"; };
		53EED619245034A4003C9410 /* EventStructure.swift */ = {isa = PBXFileReference; lastKnownFileType = sourcecode.swift; path = EventStructure.swift; sourceTree = "<group>"; };
		53EED61F245983D9003C9410 /* CodableEvent.swift */ = {isa = PBXFileReference; fileEncoding = 4; lastKnownFileType = sourcecode.swift; path = CodableEvent.swift; sourceTree = "<group>"; };
/* End PBXFileReference section */

/* Begin PBXFrameworksBuildPhase section */
		53B00A0323FF163F00F915D5 /* Frameworks */ = {
			isa = PBXFrameworksBuildPhase;
			buildActionMask = 2147483647;
			files = (
			);
			runOnlyForDeploymentPostprocessing = 0;
		};
		53B00A1B23FF164500F915D5 /* Frameworks */ = {
			isa = PBXFrameworksBuildPhase;
			buildActionMask = 2147483647;
			files = (
			);
			runOnlyForDeploymentPostprocessing = 0;
		};
		53B00A2623FF164500F915D5 /* Frameworks */ = {
			isa = PBXFrameworksBuildPhase;
			buildActionMask = 2147483647;
			files = (
			);
			runOnlyForDeploymentPostprocessing = 0;
		};
/* End PBXFrameworksBuildPhase section */

/* Begin PBXGroup section */
		539E0DC724388D4400FB928E /* Observers */ = {
			isa = PBXGroup;
			children = (
				539E0DCA24388DA900FB928E /* MyObserverForAddress.swift */,
				539E0DCB24388DA900FB928E /* MyObserverForEventList.swift */,
				53CD32EA2447253F00BDB5A0 /* MyObserverForProfileEditing.swift */,
				53CD32E82447215500BDB5A0 /* PObserver.swift */,
			);
			path = Observers;
			sourceTree = "<group>";
		};
		539E0DD824388E6700FB928E /* Event */ = {
			isa = PBXGroup;
			children = (
				53EED61F245983D9003C9410 /* CodableEvent.swift */,
				539E0DDB24388EB600FB928E /* Event.swift */,
			);
			path = Event;
			sourceTree = "<group>";
		};
		539E0DD924388E6D00FB928E /* Singletons */ = {
			isa = PBXGroup;
			children = (
				539E0DE224388EF100FB928E /* EventHandler.swift */,
				539E0DDE24388EBD00FB928E /* LocationSingleton.swift */,
				53CD32DB2445BA1C00BDB5A0 /* Profile.swift */,
			);
			path = Singletons;
			sourceTree = "<group>";
		};
		53B009FD23FF163F00F915D5 = {
			isa = PBXGroup;
			children = (
				53B00A0823FF163F00F915D5 /* Eventually */,
				53B00A2123FF164500F915D5 /* EventuallyTests */,
				53B00A2C23FF164500F915D5 /* EventuallyUITests */,
				53B00A0723FF163F00F915D5 /* Products */,
			);
			sourceTree = "<group>";
		};
		53B00A0723FF163F00F915D5 /* Products */ = {
			isa = PBXGroup;
			children = (
				53B00A0623FF163F00F915D5 /* Eventually.app */,
				53B00A1E23FF164500F915D5 /* EventuallyTests.xctest */,
				53B00A2923FF164500F915D5 /* EventuallyUITests.xctest */,
			);
			name = Products;
			sourceTree = "<group>";
		};
		53B00A0823FF163F00F915D5 /* Eventually */ = {
			isa = PBXGroup;
			children = (
				539E0DC724388D4400FB928E /* Observers */,
				53F246CE240E49F100BE9F0C /* View */,
				53F246CD240E48CB00BE9F0C /* Model */,
				53F246CC240E483000BE9F0C /* ViewControllers */,
				53B00A0923FF163F00F915D5 /* AppDelegate.swift */,
				53B00A1923FF164500F915D5 /* Info.plist */,
			);
			path = Eventually;
			sourceTree = "<group>";
		};
		53B00A2123FF164500F915D5 /* EventuallyTests */ = {
			isa = PBXGroup;
			children = (
				53B00A2223FF164500F915D5 /* EventuallyTests.swift */,
				53B00A2423FF164500F915D5 /* Info.plist */,
			);
			path = EventuallyTests;
			sourceTree = "<group>";
		};
		53B00A2C23FF164500F915D5 /* EventuallyUITests */ = {
			isa = PBXGroup;
			children = (
				53B00A2D23FF164500F915D5 /* EventuallyUITests.swift */,
				53B00A2F23FF164500F915D5 /* Info.plist */,
			);
			path = EventuallyUITests;
			sourceTree = "<group>";
		};
		53EED614245030D0003C9410 /* URLHandling */ = {
			isa = PBXGroup;
			children = (
				53EED61724503313003C9410 /* EventManager.swift */,
				53EED619245034A4003C9410 /* EventStructure.swift */,
			);
			path = URLHandling;
			sourceTree = "<group>";
		};
		53F246CC240E483000BE9F0C /* ViewControllers */ = {
			isa = PBXGroup;
			children = (
				539E0DE024388ECA00FB928E /* NewEventViewController.swift */,
				539E0DCE24388E1900FB928E /* EventCell.swift */,
				539E0DCF24388E1900FB928E /* EventScreenViewController.swift */,
				539E0DD024388E1900FB928E /* HomeScreenViewController.swift */,
				539E0DD124388E1A00FB928E /* LocationSearchViewController.swift */,
				53CD32D7243F181800BDB5A0 /* SearchEventViewController.swift */,
				53CD32D92445B9AC00BDB5A0 /* SettingsViewController.swift */,
				53CD32DD2446F41600BDB5A0 /* ProfileEditingViewController.swift */,
				534AA7482462C3DD0084D6B5 /* CommentsViewController.swift */,
			);
			path = ViewControllers;
			sourceTree = "<group>";
		};
		53F246CD240E48CB00BE9F0C /* Model */ = {
			isa = PBXGroup;
			children = (
				53EED614245030D0003C9410 /* URLHandling */,
				539E0DD924388E6D00FB928E /* Singletons */,
				539E0DD824388E6700FB928E /* Event */,
				53CD32DF2446F67300BDB5A0 /* DatePicker.swift */,
				53CD32E1244717D700BDB5A0 /* ImagePicker.swift */,
				539E0DE424388F5B00FB928E /* MapLoader.swift */,
			);
			path = Model;
			sourceTree = "<group>";
		};
		53F246CE240E49F100BE9F0C /* View */ = {
			isa = PBXGroup;
			children = (
				53B00A1123FF163F00F915D5 /* Main.storyboard */,
				53B00A0B23FF163F00F915D5 /* SceneDelegate.swift */,
				53B00A1423FF164500F915D5 /* Assets.xcassets */,
				53B00A1623FF164500F915D5 /* LaunchScreen.storyboard */,
				534AA74A2462C4550084D6B5 /* MessageCell.swift */,
				534AA74B2462C4550084D6B5 /* MessageCell.xib */,
			);
			path = View;
			sourceTree = "<group>";
		};
/* End PBXGroup section */

/* Begin PBXNativeTarget section */
		53B00A0523FF163F00F915D5 /* Eventually */ = {
			isa = PBXNativeTarget;
			buildConfigurationList = 53B00A3223FF164500F915D5 /* Build configuration list for PBXNativeTarget "Eventually" */;
			buildPhases = (
				53B00A0223FF163F00F915D5 /* Sources */,
				53B00A0323FF163F00F915D5 /* Frameworks */,
				53B00A0423FF163F00F915D5 /* Resources */,
			);
			buildRules = (
			);
			dependencies = (
			);
			name = Eventually;
			productName = Eventually;
			productReference = 53B00A0623FF163F00F915D5 /* Eventually.app */;
			productType = "com.apple.product-type.application";
		};
		53B00A1D23FF164500F915D5 /* EventuallyTests */ = {
			isa = PBXNativeTarget;
			buildConfigurationList = 53B00A3523FF164500F915D5 /* Build configuration list for PBXNativeTarget "EventuallyTests" */;
			buildPhases = (
				53B00A1A23FF164500F915D5 /* Sources */,
				53B00A1B23FF164500F915D5 /* Frameworks */,
				53B00A1C23FF164500F915D5 /* Resources */,
			);
			buildRules = (
			);
			dependencies = (
				53B00A2023FF164500F915D5 /* PBXTargetDependency */,
			);
			name = EventuallyTests;
			productName = EventuallyTests;
			productReference = 53B00A1E23FF164500F915D5 /* EventuallyTests.xctest */;
			productType = "com.apple.product-type.bundle.unit-test";
		};
		53B00A2823FF164500F915D5 /* EventuallyUITests */ = {
			isa = PBXNativeTarget;
			buildConfigurationList = 53B00A3823FF164500F915D5 /* Build configuration list for PBXNativeTarget "EventuallyUITests" */;
			buildPhases = (
				53B00A2523FF164500F915D5 /* Sources */,
				53B00A2623FF164500F915D5 /* Frameworks */,
				53B00A2723FF164500F915D5 /* Resources */,
			);
			buildRules = (
			);
			dependencies = (
				53B00A2B23FF164500F915D5 /* PBXTargetDependency */,
			);
			name = EventuallyUITests;
			productName = EventuallyUITests;
			productReference = 53B00A2923FF164500F915D5 /* EventuallyUITests.xctest */;
			productType = "com.apple.product-type.bundle.ui-testing";
		};
/* End PBXNativeTarget section */

/* Begin PBXProject section */
		53B009FE23FF163F00F915D5 /* Project object */ = {
			isa = PBXProject;
			attributes = {
				LastSwiftUpdateCheck = 1130;
				LastUpgradeCheck = 1130;
				ORGANIZATIONNAME = "Fényes Roland";
				TargetAttributes = {
					53B00A0523FF163F00F915D5 = {
						CreatedOnToolsVersion = 11.3.1;
					};
					53B00A1D23FF164500F915D5 = {
						CreatedOnToolsVersion = 11.3.1;
						TestTargetID = 53B00A0523FF163F00F915D5;
					};
					53B00A2823FF164500F915D5 = {
						CreatedOnToolsVersion = 11.3.1;
						TestTargetID = 53B00A0523FF163F00F915D5;
					};
				};
			};
			buildConfigurationList = 53B00A0123FF163F00F915D5 /* Build configuration list for PBXProject "Eventually" */;
			compatibilityVersion = "Xcode 9.3";
			developmentRegion = en;
			hasScannedForEncodings = 0;
			knownRegions = (
				en,
				Base,
			);
			mainGroup = 53B009FD23FF163F00F915D5;
			productRefGroup = 53B00A0723FF163F00F915D5 /* Products */;
			projectDirPath = "";
			projectRoot = "";
			targets = (
				53B00A0523FF163F00F915D5 /* Eventually */,
				53B00A1D23FF164500F915D5 /* EventuallyTests */,
				53B00A2823FF164500F915D5 /* EventuallyUITests */,
			);
		};
/* End PBXProject section */

/* Begin PBXResourcesBuildPhase section */
		53B00A0423FF163F00F915D5 /* Resources */ = {
			isa = PBXResourcesBuildPhase;
			buildActionMask = 2147483647;
			files = (
				53B00A1823FF164500F915D5 /* LaunchScreen.storyboard in Resources */,
				534AA74D2462C4550084D6B5 /* MessageCell.xib in Resources */,
				53B00A1523FF164500F915D5 /* Assets.xcassets in Resources */,
				53B00A1323FF163F00F915D5 /* Main.storyboard in Resources */,
			);
			runOnlyForDeploymentPostprocessing = 0;
		};
		53B00A1C23FF164500F915D5 /* Resources */ = {
			isa = PBXResourcesBuildPhase;
			buildActionMask = 2147483647;
			files = (
			);
			runOnlyForDeploymentPostprocessing = 0;
		};
		53B00A2723FF164500F915D5 /* Resources */ = {
			isa = PBXResourcesBuildPhase;
			buildActionMask = 2147483647;
			files = (
			);
			runOnlyForDeploymentPostprocessing = 0;
		};
/* End PBXResourcesBuildPhase section */

/* Begin PBXSourcesBuildPhase section */
		53B00A0223FF163F00F915D5 /* Sources */ = {
			isa = PBXSourcesBuildPhase;
			buildActionMask = 2147483647;
			files = (
				53CD32DC2445BA1C00BDB5A0 /* Profile.swift in Sources */,
				53B00A0A23FF163F00F915D5 /* AppDelegate.swift in Sources */,
				53EED61824503313003C9410 /* EventManager.swift in Sources */,
				53CD32EB2447253F00BDB5A0 /* MyObserverForProfileEditing.swift in Sources */,
				539E0DE124388ECA00FB928E /* NewEventViewController.swift in Sources */,
				539E0DCC24388DA900FB928E /* MyObserverForAddress.swift in Sources */,
				539E0DE524388F5B00FB928E /* MapLoader.swift in Sources */,
				53CD32DE2446F41600BDB5A0 /* ProfileEditingViewController.swift in Sources */,
				53CD32E92447215500BDB5A0 /* PObserver.swift in Sources */,
				539E0DDF24388EBD00FB928E /* LocationSingleton.swift in Sources */,
				539E0DD224388E1A00FB928E /* EventCell.swift in Sources */,
				53CD32E02446F67300BDB5A0 /* DatePicker.swift in Sources */,
				539E0DD524388E1A00FB928E /* LocationSearchViewController.swift in Sources */,
				53CD32DA2445B9AC00BDB5A0 /* SettingsViewController.swift in Sources */,
				53CD32D8243F181800BDB5A0 /* SearchEventViewController.swift in Sources */,
				539E0DDD24388EB600FB928E /* Event.swift in Sources */,
				53EED620245983D9003C9410 /* CodableEvent.swift in Sources */,
				534AA74C2462C4550084D6B5 /* MessageCell.swift in Sources */,
				53EED61A245034A4003C9410 /* EventStructure.swift in Sources */,
				539E0DD424388E1A00FB928E /* HomeScreenViewController.swift in Sources */,
				539E0DE324388EF100FB928E /* EventHandler.swift in Sources */,
				53B00A0C23FF163F00F915D5 /* SceneDelegate.swift in Sources */,
				53CD32E2244717D700BDB5A0 /* ImagePicker.swift in Sources */,
				539E0DCD24388DA900FB928E /* MyObserverForEventList.swift in Sources */,
				534AA7492462C3DD0084D6B5 /* CommentsViewController.swift in Sources */,
				539E0DD324388E1A00FB928E /* EventScreenViewController.swift in Sources */,
			);
			runOnlyForDeploymentPostprocessing = 0;
		};
		53B00A1A23FF164500F915D5 /* Sources */ = {
			isa = PBXSourcesBuildPhase;
			buildActionMask = 2147483647;
			files = (
				53B00A2323FF164500F915D5 /* EventuallyTests.swift in Sources */,
			);
			runOnlyForDeploymentPostprocessing = 0;
		};
		53B00A2523FF164500F915D5 /* Sources */ = {
			isa = PBXSourcesBuildPhase;
			buildActionMask = 2147483647;
			files = (
				53B00A2E23FF164500F915D5 /* EventuallyUITests.swift in Sources */,
			);
			runOnlyForDeploymentPostprocessing = 0;
		};
/* End PBXSourcesBuildPhase section */

/* Begin PBXTargetDependency section */
		53B00A2023FF164500F915D5 /* PBXTargetDependency */ = {
			isa = PBXTargetDependency;
			target = 53B00A0523FF163F00F915D5 /* Eventually */;
			targetProxy = 53B00A1F23FF164500F915D5 /* PBXContainerItemProxy */;
		};
		53B00A2B23FF164500F915D5 /* PBXTargetDependency */ = {
			isa = PBXTargetDependency;
			target = 53B00A0523FF163F00F915D5 /* Eventually */;
			targetProxy = 53B00A2A23FF164500F915D5 /* PBXContainerItemProxy */;
		};
/* End PBXTargetDependency section */

/* Begin PBXVariantGroup section */
		53B00A1123FF163F00F915D5 /* Main.storyboard */ = {
			isa = PBXVariantGroup;
			children = (
				53B00A1223FF163F00F915D5 /* Base */,
			);
			name = Main.storyboard;
			sourceTree = "<group>";
		};
		53B00A1623FF164500F915D5 /* LaunchScreen.storyboard */ = {
			isa = PBXVariantGroup;
			children = (
				53B00A1723FF164500F915D5 /* Base */,
			);
			name = LaunchScreen.storyboard;
			sourceTree = "<group>";
		};
/* End PBXVariantGroup section */

/* Begin XCBuildConfiguration section */
		53B00A3023FF164500F915D5 /* Debug */ = {
			isa = XCBuildConfiguration;
			buildSettings = {
				ALWAYS_SEARCH_USER_PATHS = NO;
				CLANG_ANALYZER_NONNULL = YES;
				CLANG_ANALYZER_NUMBER_OBJECT_CONVERSION = YES_AGGRESSIVE;
				CLANG_CXX_LANGUAGE_STANDARD = "gnu++14";
				CLANG_CXX_LIBRARY = "libc++";
				CLANG_ENABLE_MODULES = YES;
				CLANG_ENABLE_OBJC_ARC = YES;
				CLANG_ENABLE_OBJC_WEAK = YES;
				CLANG_WARN_BLOCK_CAPTURE_AUTORELEASING = YES;
				CLANG_WARN_BOOL_CONVERSION = YES;
				CLANG_WARN_COMMA = YES;
				CLANG_WARN_CONSTANT_CONVERSION = YES;
				CLANG_WARN_DEPRECATED_OBJC_IMPLEMENTATIONS = YES;
				CLANG_WARN_DIRECT_OBJC_ISA_USAGE = YES_ERROR;
				CLANG_WARN_DOCUMENTATION_COMMENTS = YES;
				CLANG_WARN_EMPTY_BODY = YES;
				CLANG_WARN_ENUM_CONVERSION = YES;
				CLANG_WARN_INFINITE_RECURSION = YES;
				CLANG_WARN_INT_CONVERSION = YES;
				CLANG_WARN_NON_LITERAL_NULL_CONVERSION = YES;
				CLANG_WARN_OBJC_IMPLICIT_RETAIN_SELF = YES;
				CLANG_WARN_OBJC_LITERAL_CONVERSION = YES;
				CLANG_WARN_OBJC_ROOT_CLASS = YES_ERROR;
				CLANG_WARN_RANGE_LOOP_ANALYSIS = YES;
				CLANG_WARN_STRICT_PROTOTYPES = YES;
				CLANG_WARN_SUSPICIOUS_MOVE = YES;
				CLANG_WARN_UNGUARDED_AVAILABILITY = YES_AGGRESSIVE;
				CLANG_WARN_UNREACHABLE_CODE = YES;
				CLANG_WARN__DUPLICATE_METHOD_MATCH = YES;
				COPY_PHASE_STRIP = NO;
				DEBUG_INFORMATION_FORMAT = dwarf;
				ENABLE_STRICT_OBJC_MSGSEND = YES;
				ENABLE_TESTABILITY = YES;
				GCC_C_LANGUAGE_STANDARD = gnu11;
				GCC_DYNAMIC_NO_PIC = NO;
				GCC_NO_COMMON_BLOCKS = YES;
				GCC_OPTIMIZATION_LEVEL = 0;
				GCC_PREPROCESSOR_DEFINITIONS = (
					"DEBUG=1",
					"$(inherited)",
				);
				GCC_WARN_64_TO_32_BIT_CONVERSION = YES;
				GCC_WARN_ABOUT_RETURN_TYPE = YES_ERROR;
				GCC_WARN_UNDECLARED_SELECTOR = YES;
				GCC_WARN_UNINITIALIZED_AUTOS = YES_AGGRESSIVE;
				GCC_WARN_UNUSED_FUNCTION = YES;
				GCC_WARN_UNUSED_VARIABLE = YES;
				IPHONEOS_DEPLOYMENT_TARGET = 13.2;
				MTL_ENABLE_DEBUG_INFO = INCLUDE_SOURCE;
				MTL_FAST_MATH = YES;
				ONLY_ACTIVE_ARCH = YES;
				SDKROOT = iphoneos;
				SWIFT_ACTIVE_COMPILATION_CONDITIONS = DEBUG;
				SWIFT_OPTIMIZATION_LEVEL = "-Onone";
			};
			name = Debug;
		};
		53B00A3123FF164500F915D5 /* Release */ = {
			isa = XCBuildConfiguration;
			buildSettings = {
				ALWAYS_SEARCH_USER_PATHS = NO;
				CLANG_ANALYZER_NONNULL = YES;
				CLANG_ANALYZER_NUMBER_OBJECT_CONVERSION = YES_AGGRESSIVE;
				CLANG_CXX_LANGUAGE_STANDARD = "gnu++14";
				CLANG_CXX_LIBRARY = "libc++";
				CLANG_ENABLE_MODULES = YES;
				CLANG_ENABLE_OBJC_ARC = YES;
				CLANG_ENABLE_OBJC_WEAK = YES;
				CLANG_WARN_BLOCK_CAPTURE_AUTORELEASING = YES;
				CLANG_WARN_BOOL_CONVERSION = YES;
				CLANG_WARN_COMMA = YES;
				CLANG_WARN_CONSTANT_CONVERSION = YES;
				CLANG_WARN_DEPRECATED_OBJC_IMPLEMENTATIONS = YES;
				CLANG_WARN_DIRECT_OBJC_ISA_USAGE = YES_ERROR;
				CLANG_WARN_DOCUMENTATION_COMMENTS = YES;
				CLANG_WARN_EMPTY_BODY = YES;
				CLANG_WARN_ENUM_CONVERSION = YES;
				CLANG_WARN_INFINITE_RECURSION = YES;
				CLANG_WARN_INT_CONVERSION = YES;
				CLANG_WARN_NON_LITERAL_NULL_CONVERSION = YES;
				CLANG_WARN_OBJC_IMPLICIT_RETAIN_SELF = YES;
				CLANG_WARN_OBJC_LITERAL_CONVERSION = YES;
				CLANG_WARN_OBJC_ROOT_CLASS = YES_ERROR;
				CLANG_WARN_RANGE_LOOP_ANALYSIS = YES;
				CLANG_WARN_STRICT_PROTOTYPES = YES;
				CLANG_WARN_SUSPICIOUS_MOVE = YES;
				CLANG_WARN_UNGUARDED_AVAILABILITY = YES_AGGRESSIVE;
				CLANG_WARN_UNREACHABLE_CODE = YES;
				CLANG_WARN__DUPLICATE_METHOD_MATCH = YES;
				COPY_PHASE_STRIP = NO;
				DEBUG_INFORMATION_FORMAT = "dwarf-with-dsym";
				ENABLE_NS_ASSERTIONS = NO;
				ENABLE_STRICT_OBJC_MSGSEND = YES;
				GCC_C_LANGUAGE_STANDARD = gnu11;
				GCC_NO_COMMON_BLOCKS = YES;
				GCC_WARN_64_TO_32_BIT_CONVERSION = YES;
				GCC_WARN_ABOUT_RETURN_TYPE = YES_ERROR;
				GCC_WARN_UNDECLARED_SELECTOR = YES;
				GCC_WARN_UNINITIALIZED_AUTOS = YES_AGGRESSIVE;
				GCC_WARN_UNUSED_FUNCTION = YES;
				GCC_WARN_UNUSED_VARIABLE = YES;
				IPHONEOS_DEPLOYMENT_TARGET = 13.2;
				MTL_ENABLE_DEBUG_INFO = NO;
				MTL_FAST_MATH = YES;
				SDKROOT = iphoneos;
				SWIFT_COMPILATION_MODE = wholemodule;
				SWIFT_OPTIMIZATION_LEVEL = "-O";
				VALIDATE_PRODUCT = YES;
			};
			name = Release;
		};
		53B00A3323FF164500F915D5 /* Debug */ = {
			isa = XCBuildConfiguration;
			buildSettings = {
				ASSETCATALOG_COMPILER_APPICON_NAME = AppIcon;
				CODE_SIGN_STYLE = Automatic;
				INFOPLIST_FILE = Eventually/Info.plist;
				LD_RUNPATH_SEARCH_PATHS = (
					"$(inherited)",
					"@executable_path/Frameworks",
				);
				PRODUCT_BUNDLE_IDENTIFIER = "Fe-nyes-Roland.Eventually";
				PRODUCT_NAME = "$(TARGET_NAME)";
				SWIFT_VERSION = 5.0;
				TARGETED_DEVICE_FAMILY = "1,2";
			};
			name = Debug;
		};
		53B00A3423FF164500F915D5 /* Release */ = {
			isa = XCBuildConfiguration;
			buildSettings = {
				ASSETCATALOG_COMPILER_APPICON_NAME = AppIcon;
				CODE_SIGN_STYLE = Automatic;
				INFOPLIST_FILE = Eventually/Info.plist;
				LD_RUNPATH_SEARCH_PATHS = (
					"$(inherited)",
					"@executable_path/Frameworks",
				);
				PRODUCT_BUNDLE_IDENTIFIER = "Fe-nyes-Roland.Eventually";
				PRODUCT_NAME = "$(TARGET_NAME)";
				SWIFT_VERSION = 5.0;
				TARGETED_DEVICE_FAMILY = "1,2";
			};
			name = Release;
		};
		53B00A3623FF164500F915D5 /* Debug */ = {
			isa = XCBuildConfiguration;
			buildSettings = {
				ALWAYS_EMBED_SWIFT_STANDARD_LIBRARIES = YES;
				BUNDLE_LOADER = "$(TEST_HOST)";
				CODE_SIGN_STYLE = Automatic;
				INFOPLIST_FILE = EventuallyTests/Info.plist;
				IPHONEOS_DEPLOYMENT_TARGET = 13.2;
				LD_RUNPATH_SEARCH_PATHS = (
					"$(inherited)",
					"@executable_path/Frameworks",
					"@loader_path/Frameworks",
				);
				PRODUCT_BUNDLE_IDENTIFIER = "Fe-nyes-Roland.EventuallyTests";
				PRODUCT_NAME = "$(TARGET_NAME)";
				SWIFT_VERSION = 5.0;
				TARGETED_DEVICE_FAMILY = "1,2";
				TEST_HOST = "$(BUILT_PRODUCTS_DIR)/Eventually.app/Eventually";
			};
			name = Debug;
		};
		53B00A3723FF164500F915D5 /* Release */ = {
			isa = XCBuildConfiguration;
			buildSettings = {
				ALWAYS_EMBED_SWIFT_STANDARD_LIBRARIES = YES;
				BUNDLE_LOADER = "$(TEST_HOST)";
				CODE_SIGN_STYLE = Automatic;
				INFOPLIST_FILE = EventuallyTests/Info.plist;
				IPHONEOS_DEPLOYMENT_TARGET = 13.2;
				LD_RUNPATH_SEARCH_PATHS = (
					"$(inherited)",
					"@executable_path/Frameworks",
					"@loader_path/Frameworks",
				);
				PRODUCT_BUNDLE_IDENTIFIER = "Fe-nyes-Roland.EventuallyTests";
				PRODUCT_NAME = "$(TARGET_NAME)";
				SWIFT_VERSION = 5.0;
				TARGETED_DEVICE_FAMILY = "1,2";
				TEST_HOST = "$(BUILT_PRODUCTS_DIR)/Eventually.app/Eventually";
			};
			name = Release;
		};
		53B00A3923FF164500F915D5 /* Debug */ = {
			isa = XCBuildConfiguration;
			buildSettings = {
				ALWAYS_EMBED_SWIFT_STANDARD_LIBRARIES = YES;
				CODE_SIGN_STYLE = Automatic;
				INFOPLIST_FILE = EventuallyUITests/Info.plist;
				LD_RUNPATH_SEARCH_PATHS = (
					"$(inherited)",
					"@executable_path/Frameworks",
					"@loader_path/Frameworks",
				);
				PRODUCT_BUNDLE_IDENTIFIER = "Fe-nyes-Roland.EventuallyUITests";
				PRODUCT_NAME = "$(TARGET_NAME)";
				SWIFT_VERSION = 5.0;
				TARGETED_DEVICE_FAMILY = "1,2";
				TEST_TARGET_NAME = Eventually;
			};
			name = Debug;
		};
		53B00A3A23FF164500F915D5 /* Release */ = {
			isa = XCBuildConfiguration;
			buildSettings = {
				ALWAYS_EMBED_SWIFT_STANDARD_LIBRARIES = YES;
				CODE_SIGN_STYLE = Automatic;
				INFOPLIST_FILE = EventuallyUITests/Info.plist;
				LD_RUNPATH_SEARCH_PATHS = (
					"$(inherited)",
					"@executable_path/Frameworks",
					"@loader_path/Frameworks",
				);
				PRODUCT_BUNDLE_IDENTIFIER = "Fe-nyes-Roland.EventuallyUITests";
				PRODUCT_NAME = "$(TARGET_NAME)";
				SWIFT_VERSION = 5.0;
				TARGETED_DEVICE_FAMILY = "1,2";
				TEST_TARGET_NAME = Eventually;
			};
			name = Release;
		};
/* End XCBuildConfiguration section */

/* Begin XCConfigurationList section */
		53B00A0123FF163F00F915D5 /* Build configuration list for PBXProject "Eventually" */ = {
			isa = XCConfigurationList;
			buildConfigurations = (
				53B00A3023FF164500F915D5 /* Debug */,
				53B00A3123FF164500F915D5 /* Release */,
			);
			defaultConfigurationIsVisible = 0;
			defaultConfigurationName = Release;
		};
		53B00A3223FF164500F915D5 /* Build configuration list for PBXNativeTarget "Eventually" */ = {
			isa = XCConfigurationList;
			buildConfigurations = (
				53B00A3323FF164500F915D5 /* Debug */,
				53B00A3423FF164500F915D5 /* Release */,
			);
			defaultConfigurationIsVisible = 0;
			defaultConfigurationName = Release;
		};
		53B00A3523FF164500F915D5 /* Build configuration list for PBXNativeTarget "EventuallyTests" */ = {
			isa = XCConfigurationList;
			buildConfigurations = (
				53B00A3623FF164500F915D5 /* Debug */,
				53B00A3723FF164500F915D5 /* Release */,
			);
			defaultConfigurationIsVisible = 0;
			defaultConfigurationName = Release;
		};
		53B00A3823FF164500F915D5 /* Build configuration list for PBXNativeTarget "EventuallyUITests" */ = {
			isa = XCConfigurationList;
			buildConfigurations = (
				53B00A3923FF164500F915D5 /* Debug */,
				53B00A3A23FF164500F915D5 /* Release */,
			);
			defaultConfigurationIsVisible = 0;
			defaultConfigurationName = Release;
		};
/* End XCConfigurationList section */
	};
	rootObject = 53B009FE23FF163F00F915D5 /* Project object */;
}
