// !$*UTF8*$!
{
	archiveVersion = 1;
	classes = {
	};
	objectVersion = 50;
	objects = {

/* Begin PBXBuildFile section */
		532EB461240D2803007892E5 /* NewEventViewController.swift in Sources */ = {isa = PBXBuildFile; fileRef = 532EB460240D2803007892E5 /* NewEventViewController.swift */; };
		53B00A0A23FF163F00F915D5 /* AppDelegate.swift in Sources */ = {isa = PBXBuildFile; fileRef = 53B00A0923FF163F00F915D5 /* AppDelegate.swift */; };
		53B00A0C23FF163F00F915D5 /* SceneDelegate.swift in Sources */ = {isa = PBXBuildFile; fileRef = 53B00A0B23FF163F00F915D5 /* SceneDelegate.swift */; };
		53B00A0E23FF163F00F915D5 /* FirstViewController.swift in Sources */ = {isa = PBXBuildFile; fileRef = 53B00A0D23FF163F00F915D5 /* FirstViewController.swift */; };
		53B00A1023FF163F00F915D5 /* SecondViewController.swift in Sources */ = {isa = PBXBuildFile; fileRef = 53B00A0F23FF163F00F915D5 /* SecondViewController.swift */; };
		53B00A1323FF163F00F915D5 /* Main.storyboard in Resources */ = {isa = PBXBuildFile; fileRef = 53B00A1123FF163F00F915D5 /* Main.storyboard */; };
		53B00A1523FF164500F915D5 /* Assets.xcassets in Resources */ = {isa = PBXBuildFile; fileRef = 53B00A1423FF164500F915D5 /* Assets.xcassets */; };
		53B00A1823FF164500F915D5 /* LaunchScreen.storyboard in Resources */ = {isa = PBXBuildFile; fileRef = 53B00A1623FF164500F915D5 /* LaunchScreen.storyboard */; };
		53B00A2323FF164500F915D5 /* EventuallyTests.swift in Sources */ = {isa = PBXBuildFile; fileRef = 53B00A2223FF164500F915D5 /* EventuallyTests.swift */; };
		53B00A2E23FF164500F915D5 /* EventuallyUITests.swift in Sources */ = {isa = PBXBuildFile; fileRef = 53B00A2D23FF164500F915D5 /* EventuallyUITests.swift */; };
		53E54918241632CC004CF8CE /* LocationSearchViewController.swift in Sources */ = {isa = PBXBuildFile; fileRef = 53E54917241632CC004CF8CE /* LocationSearchViewController.swift */; };
		53E5491A24165B69004CF8CE /* LocationSingleton.swift in Sources */ = {isa = PBXBuildFile; fileRef = 53E5491924165B69004CF8CE /* LocationSingleton.swift */; };
		53E5491C24169E40004CF8CE /* MyObserverForAddress.swift in Sources */ = {isa = PBXBuildFile; fileRef = 53E5491B24169E40004CF8CE /* MyObserverForAddress.swift */; };
		53E5491E24169F40004CF8CE /* PObserver.swift in Sources */ = {isa = PBXBuildFile; fileRef = 53E5491D24169F40004CF8CE /* PObserver.swift */; };
		53F246D0240E4AA200BE9F0C /* NewEventHandler.swift in Sources */ = {isa = PBXBuildFile; fileRef = 53F246CF240E4AA200BE9F0C /* NewEventHandler.swift */; };
		53F246D2240E4CE100BE9F0C /* Event.swift in Sources */ = {isa = PBXBuildFile; fileRef = 53F246D1240E4CE100BE9F0C /* Event.swift */; };
/* End PBXBuildFile section */

/* Begin PBXContainerItemProxy section */
		53B00A1F23FF164500F915D5 /* PBXContainerItemProxy */ = {
			isa = PBXContainerItemProxy;
			containerPortal = 53B009FE23FF163F00F915D5 /* Project object */;
			proxyType = 1;
			remoteGlobalIDString = 53B00A0523FF163F00F915D5;
			remoteInfo = Eventually;
		};
		53B00A2A23FF164500F915D5 /* PBXContainerItemProxy */ = {
			isa = PBXContainerItemProxy;
			containerPortal = 53B009FE23FF163F00F915D5 /* Project object */;
			proxyType = 1;
			remoteGlobalIDString = 53B00A0523FF163F00F915D5;
			remoteInfo = Eventually;
		};
/* End PBXContainerItemProxy section */

/* Begin PBXFileReference section */
		532EB460240D2803007892E5 /* NewEventViewController.swift */ = {isa = PBXFileReference; lastKnownFileType = sourcecode.swift; path = NewEventViewController.swift; sourceTree = "<group>"; };
		53B00A0623FF163F00F915D5 /* Eventually.app */ = {isa = PBXFileReference; explicitFileType = wrapper.application; includeInIndex = 0; path = Eventually.app; sourceTree = BUILT_PRODUCTS_DIR; };
		53B00A0923FF163F00F915D5 /* AppDelegate.swift */ = {isa = PBXFileReference; lastKnownFileType = sourcecode.swift; path = AppDelegate.swift; sourceTree = "<group>"; };
		53B00A0B23FF163F00F915D5 /* SceneDelegate.swift */ = {isa = PBXFileReference; lastKnownFileType = sourcecode.swift; path = SceneDelegate.swift; sourceTree = "<group>"; };
		53B00A0D23FF163F00F915D5 /* FirstViewController.swift */ = {isa = PBXFileReference; lastKnownFileType = sourcecode.swift; path = FirstViewController.swift; sourceTree = "<group>"; };
		53B00A0F23FF163F00F915D5 /* SecondViewController.swift */ = {isa = PBXFileReference; lastKnownFileType = sourcecode.swift; path = SecondViewController.swift; sourceTree = "<group>"; };
		53B00A1223FF163F00F915D5 /* Base */ = {isa = PBXFileReference; lastKnownFileType = file.storyboard; name = Base; path = Base.lproj/Main.storyboard; sourceTree = "<group>"; };
		53B00A1423FF164500F915D5 /* Assets.xcassets */ = {isa = PBXFileReference; lastKnownFileType = folder.assetcatalog; path = Assets.xcassets; sourceTree = "<group>"; };
		53B00A1723FF164500F915D5 /* Base */ = {isa = PBXFileReference; lastKnownFileType = file.storyboard; name = Base; path = Base.lproj/LaunchScreen.storyboard; sourceTree = "<group>"; };
		53B00A1923FF164500F915D5 /* Info.plist */ = {isa = PBXFileReference; lastKnownFileType = text.plist.xml; path = Info.plist; sourceTree = "<group>"; };
		53B00A1E23FF164500F915D5 /* EventuallyTests.xctest */ = {isa = PBXFileReference; explicitFileType = wrapper.cfbundle; includeInIndex = 0; path = EventuallyTests.xctest; sourceTree = BUILT_PRODUCTS_DIR; };
		53B00A2223FF164500F915D5 /* EventuallyTests.swift */ = {isa = PBXFileReference; lastKnownFileType = sourcecode.swift; path = EventuallyTests.swift; sourceTree = "<group>"; };
		53B00A2423FF164500F915D5 /* Info.plist */ = {isa = PBXFileReference; lastKnownFileType = text.plist.xml; path = Info.plist; sourceTree = "<group>"; };
		53B00A2923FF164500F915D5 /* EventuallyUITests.xctest */ = {isa = PBXFileReference; explicitFileType = wrapper.cfbundle; includeInIndex = 0; path = EventuallyUITests.xctest; sourceTree = BUILT_PRODUCTS_DIR; };
		53B00A2D23FF164500F915D5 /* EventuallyUITests.swift */ = {isa = PBXFileReference; lastKnownFileType = sourcecode.swift; path = EventuallyUITests.swift; sourceTree = "<group>"; };
		53B00A2F23FF164500F915D5 /* Info.plist */ = {isa = PBXFileReference; lastKnownFileType = text.plist.xml; path = Info.plist; sourceTree = "<group>"; };
		53E54917241632CC004CF8CE /* LocationSearchViewController.swift */ = {isa = PBXFileReference; lastKnownFileType = sourcecode.swift; path = LocationSearchViewController.swift; sourceTree = "<group>"; };
		53E5491924165B69004CF8CE /* LocationSingleton.swift */ = {isa = PBXFileReference; lastKnownFileType = sourcecode.swift; path = LocationSingleton.swift; sourceTree = "<group>"; };
		53E5491B24169E40004CF8CE /* MyObserverForAddress.swift */ = {isa = PBXFileReference; lastKnownFileType = sourcecode.swift; path = MyObserverForAddress.swift; sourceTree = "<group>"; };
		53E5491D24169F40004CF8CE /* PObserver.swift */ = {isa = PBXFileReference; lastKnownFileType = sourcecode.swift; path = PObserver.swift; sourceTree = "<group>"; };
		53F246CF240E4AA200BE9F0C /* NewEventHandler.swift */ = {isa = PBXFileReference; lastKnownFileType = sourcecode.swift; path = NewEventHandler.swift; sourceTree = "<group>"; };
		53F246D1240E4CE100BE9F0C /* Event.swift */ = {isa = PBXFileReference; lastKnownFileType = sourcecode.swift; path = Event.swift; sourceTree = "<group>"; };
/* End PBXFileReference section */

/* Begin PBXFrameworksBuildPhase section */
		53B00A0323FF163F00F915D5 /* Frameworks */ = {
			isa = PBXFrameworksBuildPhase;
			buildActionMask = 2147483647;
			files = (
			);
			runOnlyForDeploymentPostprocessing = 0;
		};
		53B00A1B23FF164500F915D5 /* Frameworks */ = {
			isa = PBXFrameworksBuildPhase;
			buildActionMask = 2147483647;
			files = (
			);
			runOnlyForDeploymentPostprocessing = 0;
		};
		53B00A2623FF164500F915D5 /* Frameworks */ = {
			isa = PBXFrameworksBuildPhase;
			buildActionMask = 2147483647;
			files = (
			);
			runOnlyForDeploymentPostprocessing = 0;
		};
/* End PBXFrameworksBuildPhase section */

/* Begin PBXGroup section */
		53B009FD23FF163F00F915D5 = {
			isa = PBXGroup;
			children = (
				53B00A0823FF163F00F915D5 /* Eventually */,
				53B00A2123FF164500F915D5 /* EventuallyTests */,
				53B00A2C23FF164500F915D5 /* EventuallyUITests */,
				53B00A0723FF163F00F915D5 /* Products */,
			);
			sourceTree = "<group>";
		};
		53B00A0723FF163F00F915D5 /* Products */ = {
			isa = PBXGroup;
			children = (
				53B00A0623FF163F00F915D5 /* Eventually.app */,
				53B00A1E23FF164500F915D5 /* EventuallyTests.xctest */,
				53B00A2923FF164500F915D5 /* EventuallyUITests.xctest */,
			);
			name = Products;
			sourceTree = "<group>";
		};
		53B00A0823FF163F00F915D5 /* Eventually */ = {
			isa = PBXGroup;
			children = (
				53B00A0D23FF163F00F915D5 /* FirstViewController.swift */,
				53B00A0F23FF163F00F915D5 /* SecondViewController.swift */,
				532EB460240D2803007892E5 /* NewEventViewController.swift */,
				53E54917241632CC004CF8CE /* LocationSearchViewController.swift */,
				53F246CE240E49F100BE9F0C /* View */,
				53F246CD240E48CB00BE9F0C /* Model */,
				53F246CC240E483000BE9F0C /* ViewControllers */,
				53B00A0923FF163F00F915D5 /* AppDelegate.swift */,
				53B00A1923FF164500F915D5 /* Info.plist */,
				53E5491924165B69004CF8CE /* LocationSingleton.swift */,
				53E5491B24169E40004CF8CE /* MyObserverForAddress.swift */,
				53E5491D24169F40004CF8CE /* PObserver.swift */,
			);
			path = Eventually;
			sourceTree = "<group>";
		};
		53B00A2123FF164500F915D5 /* EventuallyTests */ = {
			isa = PBXGroup;
			children = (
				53B00A2223FF164500F915D5 /* EventuallyTests.swift */,
				53B00A2423FF164500F915D5 /* Info.plist */,
			);
			path = EventuallyTests;
			sourceTree = "<group>";
		};
		53B00A2C23FF164500F915D5 /* EventuallyUITests */ = {
			isa = PBXGroup;
			children = (
				53B00A2D23FF164500F915D5 /* EventuallyUITests.swift */,
				53B00A2F23FF164500F915D5 /* Info.plist */,
			);
			path = EventuallyUITests;
			sourceTree = "<group>";
		};
		53F246CC240E483000BE9F0C /* ViewControllers */ = {
			isa = PBXGroup;
			children = (
			);
			path = ViewControllers;
			sourceTree = "<group>";
		};
		53F246CD240E48CB00BE9F0C /* Model */ = {
			isa = PBXGroup;
			children = (
				53F246CF240E4AA200BE9F0C /* NewEventHandler.swift */,
				53F246D1240E4CE100BE9F0C /* Event.swift */,
			);
			path = Model;
			sourceTree = "<group>";
		};
		53F246CE240E49F100BE9F0C /* View */ = {
			isa = PBXGroup;
			children = (
				53B00A1123FF163F00F915D5 /* Main.storyboard */,
				53B00A0B23FF163F00F915D5 /* SceneDelegate.swift */,
				53B00A1423FF164500F915D5 /* Assets.xcassets */,
				53B00A1623FF164500F915D5 /* LaunchScreen.storyboard */,
			);
			path = View;
			sourceTree = "<group>";
		};
/* End PBXGroup section */

/* Begin PBXNativeTarget section */
		53B00A0523FF163F00F915D5 /* Eventually */ = {
			isa = PBXNativeTarget;
			buildConfigurationList = 53B00A3223FF164500F915D5 /* Build configuration list for PBXNativeTarget "Eventually" */;
			buildPhases = (
				53B00A0223FF163F00F915D5 /* Sources */,
				53B00A0323FF163F00F915D5 /* Frameworks */,
				53B00A0423FF163F00F915D5 /* Resources */,
			);
			buildRules = (
			);
			dependencies = (
			);
			name = Eventually;
			productName = Eventually;
			productReference = 53B00A0623FF163F00F915D5 /* Eventually.app */;
			productType = "com.apple.product-type.application";
		};
		53B00A1D23FF164500F915D5 /* EventuallyTests */ = {
			isa = PBXNativeTarget;
			buildConfigurationList = 53B00A3523FF164500F915D5 /* Build configuration list for PBXNativeTarget "EventuallyTests" */;
			buildPhases = (
				53B00A1A23FF164500F915D5 /* Sources */,
				53B00A1B23FF164500F915D5 /* Frameworks */,
				53B00A1C23FF164500F915D5 /* Resources */,
			);
			buildRules = (
			);
			dependencies = (
				53B00A2023FF164500F915D5 /* PBXTargetDependency */,
			);
			name = EventuallyTests;
			productName = EventuallyTests;
			productReference = 53B00A1E23FF164500F915D5 /* EventuallyTests.xctest */;
			productType = "com.apple.product-type.bundle.unit-test";
		};
		53B00A2823FF164500F915D5 /* EventuallyUITests */ = {
			isa = PBXNativeTarget;
			buildConfigurationList = 53B00A3823FF164500F915D5 /* Build configuration list for PBXNativeTarget "EventuallyUITests" */;
			buildPhases = (
				53B00A2523FF164500F915D5 /* Sources */,
				53B00A2623FF164500F915D5 /* Frameworks */,
				53B00A2723FF164500F915D5 /* Resources */,
			);
			buildRules = (
			);
			dependencies = (
				53B00A2B23FF164500F915D5 /* PBXTargetDependency */,
			);
			name = EventuallyUITests;
			productName = EventuallyUITests;
			productReference = 53B00A2923FF164500F915D5 /* EventuallyUITests.xctest */;
			productType = "com.apple.product-type.bundle.ui-testing";
		};
/* End PBXNativeTarget section */

/* Begin PBXProject section */
		53B009FE23FF163F00F915D5 /* Project object */ = {
			isa = PBXProject;
			attributes = {
				LastSwiftUpdateCheck = 1130;
				LastUpgradeCheck = 1130;
				ORGANIZATIONNAME = "Fényes Roland";
				TargetAttributes = {
					53B00A0523FF163F00F915D5 = {
						CreatedOnToolsVersion = 11.3.1;
					};
					53B00A1D23FF164500F915D5 = {
						CreatedOnToolsVersion = 11.3.1;
						TestTargetID = 53B00A0523FF163F00F915D5;
					};
					53B00A2823FF164500F915D5 = {
						CreatedOnToolsVersion = 11.3.1;
						TestTargetID = 53B00A0523FF163F00F915D5;
					};
				};
			};
			buildConfigurationList = 53B00A0123FF163F00F915D5 /* Build configuration list for PBXProject "Eventually" */;
			compatibilityVersion = "Xcode 9.3";
			developmentRegion = en;
			hasScannedForEncodings = 0;
			knownRegions = (
				en,
				Base,
			);
			mainGroup = 53B009FD23FF163F00F915D5;
			productRefGroup = 53B00A0723FF163F00F915D5 /* Products */;
			projectDirPath = "";
			projectRoot = "";
			targets = (
				53B00A0523FF163F00F915D5 /* Eventually */,
				53B00A1D23FF164500F915D5 /* EventuallyTests */,
				53B00A2823FF164500F915D5 /* EventuallyUITests */,
			);
		};
/* End PBXProject section */

/* Begin PBXResourcesBuildPhase section */
		53B00A0423FF163F00F915D5 /* Resources */ = {
			isa = PBXResourcesBuildPhase;
			buildActionMask = 2147483647;
			files = (
				53B00A1823FF164500F915D5 /* LaunchScreen.storyboard in Resources */,
				53B00A1523FF164500F915D5 /* Assets.xcassets in Resources */,
				53B00A1323FF163F00F915D5 /* Main.storyboard in Resources */,
			);
			runOnlyForDeploymentPostprocessing = 0;
		};
		53B00A1C23FF164500F915D5 /* Resources */ = {
			isa = PBXResourcesBuildPhase;
			buildActionMask = 2147483647;
			files = (
			);
			runOnlyForDeploymentPostprocessing = 0;
		};
		53B00A2723FF164500F915D5 /* Resources */ = {
			isa = PBXResourcesBuildPhase;
			buildActionMask = 2147483647;
			files = (
			);
			runOnlyForDeploymentPostprocessing = 0;
		};
/* End PBXResourcesBuildPhase section */

/* Begin PBXSourcesBuildPhase section */
		53B00A0223FF163F00F915D5 /* Sources */ = {
			isa = PBXSourcesBuildPhase;
			buildActionMask = 2147483647;
			files = (
				53B00A1023FF163F00F915D5 /* SecondViewController.swift in Sources */,
				53B00A0E23FF163F00F915D5 /* FirstViewController.swift in Sources */,
				53F246D0240E4AA200BE9F0C /* NewEventHandler.swift in Sources */,
				532EB461240D2803007892E5 /* NewEventViewController.swift in Sources */,
				53E5491C24169E40004CF8CE /* MyObserverForAddress.swift in Sources */,
				53B00A0A23FF163F00F915D5 /* AppDelegate.swift in Sources */,
				53F246D2240E4CE100BE9F0C /* Event.swift in Sources */,
				53E5491E24169F40004CF8CE /* PObserver.swift in Sources */,
				53B00A0C23FF163F00F915D5 /* SceneDelegate.swift in Sources */,
				53E5491A24165B69004CF8CE /* LocationSingleton.swift in Sources */,
				53E54918241632CC004CF8CE /* LocationSearchViewController.swift in Sources */,
			);
			runOnlyForDeploymentPostprocessing = 0;
		};
		53B00A1A23FF164500F915D5 /* Sources */ = {
			isa = PBXSourcesBuildPhase;
			buildActionMask = 2147483647;
			files = (
				53B00A2323FF164500F915D5 /* EventuallyTests.swift in Sources */,
			);
			runOnlyForDeploymentPostprocessing = 0;
		};
		53B00A2523FF164500F915D5 /* Sources */ = {
			isa = PBXSourcesBuildPhase;
			buildActionMask = 2147483647;
			files = (
				53B00A2E23FF164500F915D5 /* EventuallyUITests.swift in Sources */,
			);
			runOnlyForDeploymentPostprocessing = 0;
		};
/* End PBXSourcesBuildPhase section */

/* Begin PBXTargetDependency section */
		53B00A2023FF164500F915D5 /* PBXTargetDependency */ = {
			isa = PBXTargetDependency;
			target = 53B00A0523FF163F00F915D5 /* Eventually */;
			targetProxy = 53B00A1F23FF164500F915D5 /* PBXContainerItemProxy */;
		};
		53B00A2B23FF164500F915D5 /* PBXTargetDependency */ = {
			isa = PBXTargetDependency;
			target = 53B00A0523FF163F00F915D5 /* Eventually */;
			targetProxy = 53B00A2A23FF164500F915D5 /* PBXContainerItemProxy */;
		};
/* End PBXTargetDependency section */

/* Begin PBXVariantGroup section */
		53B00A1123FF163F00F915D5 /* Main.storyboard */ = {
			isa = PBXVariantGroup;
			children = (
				53B00A1223FF163F00F915D5 /* Base */,
			);
			name = Main.storyboard;
			sourceTree = "<group>";
		};
		53B00A1623FF164500F915D5 /* LaunchScreen.storyboard */ = {
			isa = PBXVariantGroup;
			children = (
				53B00A1723FF164500F915D5 /* Base */,
			);
			name = LaunchScreen.storyboard;
			sourceTree = "<group>";
		};
/* End PBXVariantGroup section */

/* Begin XCBuildConfiguration section */
		53B00A3023FF164500F915D5 /* Debug */ = {
			isa = XCBuildConfiguration;
			buildSettings = {
				ALWAYS_SEARCH_USER_PATHS = NO;
				CLANG_ANALYZER_NONNULL = YES;
				CLANG_ANALYZER_NUMBER_OBJECT_CONVERSION = YES_AGGRESSIVE;
				CLANG_CXX_LANGUAGE_STANDARD = "gnu++14";
				CLANG_CXX_LIBRARY = "libc++";
				CLANG_ENABLE_MODULES = YES;
				CLANG_ENABLE_OBJC_ARC = YES;
				CLANG_ENABLE_OBJC_WEAK = YES;
				CLANG_WARN_BLOCK_CAPTURE_AUTORELEASING = YES;
				CLANG_WARN_BOOL_CONVERSION = YES;
				CLANG_WARN_COMMA = YES;
				CLANG_WARN_CONSTANT_CONVERSION = YES;
				CLANG_WARN_DEPRECATED_OBJC_IMPLEMENTATIONS = YES;
				CLANG_WARN_DIRECT_OBJC_ISA_USAGE = YES_ERROR;
				CLANG_WARN_DOCUMENTATION_COMMENTS = YES;
				CLANG_WARN_EMPTY_BODY = YES;
				CLANG_WARN_ENUM_CONVERSION = YES;
				CLANG_WARN_INFINITE_RECURSION = YES;
				CLANG_WARN_INT_CONVERSION = YES;
				CLANG_WARN_NON_LITERAL_NULL_CONVERSION = YES;
				CLANG_WARN_OBJC_IMPLICIT_RETAIN_SELF = YES;
				CLANG_WARN_OBJC_LITERAL_CONVERSION = YES;
				CLANG_WARN_OBJC_ROOT_CLASS = YES_ERROR;
				CLANG_WARN_RANGE_LOOP_ANALYSIS = YES;
				CLANG_WARN_STRICT_PROTOTYPES = YES;
				CLANG_WARN_SUSPICIOUS_MOVE = YES;
				CLANG_WARN_UNGUARDED_AVAILABILITY = YES_AGGRESSIVE;
				CLANG_WARN_UNREACHABLE_CODE = YES;
				CLANG_WARN__DUPLICATE_METHOD_MATCH = YES;
				COPY_PHASE_STRIP = NO;
				DEBUG_INFORMATION_FORMAT = dwarf;
				ENABLE_STRICT_OBJC_MSGSEND = YES;
				ENABLE_TESTABILITY = YES;
				GCC_C_LANGUAGE_STANDARD = gnu11;
				GCC_DYNAMIC_NO_PIC = NO;
				GCC_NO_COMMON_BLOCKS = YES;
				GCC_OPTIMIZATION_LEVEL = 0;
				GCC_PREPROCESSOR_DEFINITIONS = (
					"DEBUG=1",
					"$(inherited)",
				);
				GCC_WARN_64_TO_32_BIT_CONVERSION = YES;
				GCC_WARN_ABOUT_RETURN_TYPE = YES_ERROR;
				GCC_WARN_UNDECLARED_SELECTOR = YES;
				GCC_WARN_UNINITIALIZED_AUTOS = YES_AGGRESSIVE;
				GCC_WARN_UNUSED_FUNCTION = YES;
				GCC_WARN_UNUSED_VARIABLE = YES;
				IPHONEOS_DEPLOYMENT_TARGET = 13.2;
				MTL_ENABLE_DEBUG_INFO = INCLUDE_SOURCE;
				MTL_FAST_MATH = YES;
				ONLY_ACTIVE_ARCH = YES;
				SDKROOT = iphoneos;
				SWIFT_ACTIVE_COMPILATION_CONDITIONS = DEBUG;
				SWIFT_OPTIMIZATION_LEVEL = "-Onone";
			};
			name = Debug;
		};
		53B00A3123FF164500F915D5 /* Release */ = {
			isa = XCBuildConfiguration;
			buildSettings = {
				ALWAYS_SEARCH_USER_PATHS = NO;
				CLANG_ANALYZER_NONNULL = YES;
				CLANG_ANALYZER_NUMBER_OBJECT_CONVERSION = YES_AGGRESSIVE;
				CLANG_CXX_LANGUAGE_STANDARD = "gnu++14";
				CLANG_CXX_LIBRARY = "libc++";
				CLANG_ENABLE_MODULES = YES;
				CLANG_ENABLE_OBJC_ARC = YES;
				CLANG_ENABLE_OBJC_WEAK = YES;
				CLANG_WARN_BLOCK_CAPTURE_AUTORELEASING = YES;
				CLANG_WARN_BOOL_CONVERSION = YES;
				CLANG_WARN_COMMA = YES;
				CLANG_WARN_CONSTANT_CONVERSION = YES;
				CLANG_WARN_DEPRECATED_OBJC_IMPLEMENTATIONS = YES;
				CLANG_WARN_DIRECT_OBJC_ISA_USAGE = YES_ERROR;
				CLANG_WARN_DOCUMENTATION_COMMENTS = YES;
				CLANG_WARN_EMPTY_BODY = YES;
				CLANG_WARN_ENUM_CONVERSION = YES;
				CLANG_WARN_INFINITE_RECURSION = YES;
				CLANG_WARN_INT_CONVERSION = YES;
				CLANG_WARN_NON_LITERAL_NULL_CONVERSION = YES;
				CLANG_WARN_OBJC_IMPLICIT_RETAIN_SELF = YES;
				CLANG_WARN_OBJC_LITERAL_CONVERSION = YES;
				CLANG_WARN_OBJC_ROOT_CLASS = YES_ERROR;
				CLANG_WARN_RANGE_LOOP_ANALYSIS = YES;
				CLANG_WARN_STRICT_PROTOTYPES = YES;
				CLANG_WARN_SUSPICIOUS_MOVE = YES;
				CLANG_WARN_UNGUARDED_AVAILABILITY = YES_AGGRESSIVE;
				CLANG_WARN_UNREACHABLE_CODE = YES;
				CLANG_WARN__DUPLICATE_METHOD_MATCH = YES;
				COPY_PHASE_STRIP = NO;
				DEBUG_INFORMATION_FORMAT = "dwarf-with-dsym";
				ENABLE_NS_ASSERTIONS = NO;
				ENABLE_STRICT_OBJC_MSGSEND = YES;
				GCC_C_LANGUAGE_STANDARD = gnu11;
				GCC_NO_COMMON_BLOCKS = YES;
				GCC_WARN_64_TO_32_BIT_CONVERSION = YES;
				GCC_WARN_ABOUT_RETURN_TYPE = YES_ERROR;
				GCC_WARN_UNDECLARED_SELECTOR = YES;
				GCC_WARN_UNINITIALIZED_AUTOS = YES_AGGRESSIVE;
				GCC_WARN_UNUSED_FUNCTION = YES;
				GCC_WARN_UNUSED_VARIABLE = YES;
				IPHONEOS_DEPLOYMENT_TARGET = 13.2;
				MTL_ENABLE_DEBUG_INFO = NO;
				MTL_FAST_MATH = YES;
				SDKROOT = iphoneos;
				SWIFT_COMPILATION_MODE = wholemodule;
				SWIFT_OPTIMIZATION_LEVEL = "-O";
				VALIDATE_PRODUCT = YES;
			};
			name = Release;
		};
		53B00A3323FF164500F915D5 /* Debug */ = {
			isa = XCBuildConfiguration;
			buildSettings = {
				ASSETCATALOG_COMPILER_APPICON_NAME = AppIcon;
				CODE_SIGN_STYLE = Automatic;
				INFOPLIST_FILE = Eventually/Info.plist;
				LD_RUNPATH_SEARCH_PATHS = (
					"$(inherited)",
					"@executable_path/Frameworks",
				);
				PRODUCT_BUNDLE_IDENTIFIER = "Fe-nyes-Roland.Eventually";
				PRODUCT_NAME = "$(TARGET_NAME)";
				SWIFT_VERSION = 5.0;
				TARGETED_DEVICE_FAMILY = "1,2";
			};
			name = Debug;
		};
		53B00A3423FF164500F915D5 /* Release */ = {
			isa = XCBuildConfiguration;
			buildSettings = {
				ASSETCATALOG_COMPILER_APPICON_NAME = AppIcon;
				CODE_SIGN_STYLE = Automatic;
				INFOPLIST_FILE = Eventually/Info.plist;
				LD_RUNPATH_SEARCH_PATHS = (
					"$(inherited)",
					"@executable_path/Frameworks",
				);
				PRODUCT_BUNDLE_IDENTIFIER = "Fe-nyes-Roland.Eventually";
				PRODUCT_NAME = "$(TARGET_NAME)";
				SWIFT_VERSION = 5.0;
				TARGETED_DEVICE_FAMILY = "1,2";
			};
			name = Release;
		};
		53B00A3623FF164500F915D5 /* Debug */ = {
			isa = XCBuildConfiguration;
			buildSettings = {
				ALWAYS_EMBED_SWIFT_STANDARD_LIBRARIES = YES;
				BUNDLE_LOADER = "$(TEST_HOST)";
				CODE_SIGN_STYLE = Automatic;
				INFOPLIST_FILE = EventuallyTests/Info.plist;
				IPHONEOS_DEPLOYMENT_TARGET = 13.2;
				LD_RUNPATH_SEARCH_PATHS = (
					"$(inherited)",
					"@executable_path/Frameworks",
					"@loader_path/Frameworks",
				);
				PRODUCT_BUNDLE_IDENTIFIER = "Fe-nyes-Roland.EventuallyTests";
				PRODUCT_NAME = "$(TARGET_NAME)";
				SWIFT_VERSION = 5.0;
				TARGETED_DEVICE_FAMILY = "1,2";
				TEST_HOST = "$(BUILT_PRODUCTS_DIR)/Eventually.app/Eventually";
			};
			name = Debug;
		};
		53B00A3723FF164500F915D5 /* Release */ = {
			isa = XCBuildConfiguration;
			buildSettings = {
				ALWAYS_EMBED_SWIFT_STANDARD_LIBRARIES = YES;
				BUNDLE_LOADER = "$(TEST_HOST)";
				CODE_SIGN_STYLE = Automatic;
				INFOPLIST_FILE = EventuallyTests/Info.plist;
				IPHONEOS_DEPLOYMENT_TARGET = 13.2;
				LD_RUNPATH_SEARCH_PATHS = (
					"$(inherited)",
					"@executable_path/Frameworks",
					"@loader_path/Frameworks",
				);
				PRODUCT_BUNDLE_IDENTIFIER = "Fe-nyes-Roland.EventuallyTests";
				PRODUCT_NAME = "$(TARGET_NAME)";
				SWIFT_VERSION = 5.0;
				TARGETED_DEVICE_FAMILY = "1,2";
				TEST_HOST = "$(BUILT_PRODUCTS_DIR)/Eventually.app/Eventually";
			};
			name = Release;
		};
		53B00A3923FF164500F915D5 /* Debug */ = {
			isa = XCBuildConfiguration;
			buildSettings = {
				ALWAYS_EMBED_SWIFT_STANDARD_LIBRARIES = YES;
				CODE_SIGN_STYLE = Automatic;
				INFOPLIST_FILE = EventuallyUITests/Info.plist;
				LD_RUNPATH_SEARCH_PATHS = (
					"$(inherited)",
					"@executable_path/Frameworks",
					"@loader_path/Frameworks",
				);
				PRODUCT_BUNDLE_IDENTIFIER = "Fe-nyes-Roland.EventuallyUITests";
				PRODUCT_NAME = "$(TARGET_NAME)";
				SWIFT_VERSION = 5.0;
				TARGETED_DEVICE_FAMILY = "1,2";
				TEST_TARGET_NAME = Eventually;
			};
			name = Debug;
		};
		53B00A3A23FF164500F915D5 /* Release */ = {
			isa = XCBuildConfiguration;
			buildSettings = {
				ALWAYS_EMBED_SWIFT_STANDARD_LIBRARIES = YES;
				CODE_SIGN_STYLE = Automatic;
				INFOPLIST_FILE = EventuallyUITests/Info.plist;
				LD_RUNPATH_SEARCH_PATHS = (
					"$(inherited)",
					"@executable_path/Frameworks",
					"@loader_path/Frameworks",
				);
				PRODUCT_BUNDLE_IDENTIFIER = "Fe-nyes-Roland.EventuallyUITests";
				PRODUCT_NAME = "$(TARGET_NAME)";
				SWIFT_VERSION = 5.0;
				TARGETED_DEVICE_FAMILY = "1,2";
				TEST_TARGET_NAME = Eventually;
			};
			name = Release;
		};
/* End XCBuildConfiguration section */

/* Begin XCConfigurationList section */
		53B00A0123FF163F00F915D5 /* Build configuration list for PBXProject "Eventually" */ = {
			isa = XCConfigurationList;
			buildConfigurations = (
				53B00A3023FF164500F915D5 /* Debug */,
				53B00A3123FF164500F915D5 /* Release */,
			);
			defaultConfigurationIsVisible = 0;
			defaultConfigurationName = Release;
		};
		53B00A3223FF164500F915D5 /* Build configuration list for PBXNativeTarget "Eventually" */ = {
			isa = XCConfigurationList;
			buildConfigurations = (
				53B00A3323FF164500F915D5 /* Debug */,
				53B00A3423FF164500F915D5 /* Release */,
			);
			defaultConfigurationIsVisible = 0;
			defaultConfigurationName = Release;
		};
		53B00A3523FF164500F915D5 /* Build configuration list for PBXNativeTarget "EventuallyTests" */ = {
			isa = XCConfigurationList;
			buildConfigurations = (
				53B00A3623FF164500F915D5 /* Debug */,
				53B00A3723FF164500F915D5 /* Release */,
			);
			defaultConfigurationIsVisible = 0;
			defaultConfigurationName = Release;
		};
		53B00A3823FF164500F915D5 /* Build configuration list for PBXNativeTarget "EventuallyUITests" */ = {
			isa = XCConfigurationList;
			buildConfigurations = (
				53B00A3923FF164500F915D5 /* Debug */,
				53B00A3A23FF164500F915D5 /* Release */,
			);
			defaultConfigurationIsVisible = 0;
			defaultConfigurationName = Release;
		};
/* End XCConfigurationList section */
	};
	rootObject = 53B009FE23FF163F00F915D5 /* Project object */;
}
